
Microsoft Visual Studio Solution File, Format Version 12.00
# Visual Studio Version 17
VisualStudioVersion = 17.2.32519.379
MinimumVisualStudioVersion = 10.0.40219.1
Project("{FAE04EC0-301F-11D3-BF4B-00C04F79EFBC}") = "PazzoCafe", "PazzoCafe\PazzoCafe.csproj", "{7A7A0DA2-5BA0-4E09-B3C9-DDD9EAE1180B}"
EndProject
Global
	GlobalSection(SolutionConfigurationPlatforms) = preSolution
		Debug|Any CPU = Debug|Any CPU
		Release|Any CPU = Release|Any CPU
	EndGlobalSection
	GlobalSection(ProjectConfigurationPlatforms) = postSolution
		{7A7A0DA2-5BA0-4E09-B3C9-DDD9EAE1180B}.Debug|Any CPU.ActiveCfg = Debug|Any CPU
		{7A7A0DA2-5BA0-4E09-B3C9-DDD9EAE1180B}.Debug|Any CPU.Build.0 = Debug|Any CPU
		{7A7A0DA2-5BA0-4E09-B3C9-DDD9EAE1180B}.Release|Any CPU.ActiveCfg = Release|Any CPU
		{7A7A0DA2-5BA0-4E09-B3C9-DDD9EAE1180B}.Release|Any CPU.Build.0 = Release|Any CPU
	EndGlobalSection
	GlobalSection(SolutionProperties) = preSolution
		HideSolutionNode = FALSE
	EndGlobalSection
	GlobalSection(ExtensibilityGlobals) = postSolution
		SolutionGuid = {5F46DE5E-23F9-4BB9-A2C9-5545FEC3A70B}
	EndGlobalSection
EndGlobal
